
Microsoft Visual Studio Solution File, Format Version 12.00
# Visual Studio 15
VisualStudioVersion = 15.0.26430.15
MinimumVisualStudioVersion = 10.0.40219.1
Project("{9A19103F-16F7-4668-BE54-9A1E7A4F7556}") = "SettingContract", "Setting\SettingServiceContract\SettingContract.csproj", "{39B3E2E8-4038-4DB6-BCF5-BA9C81DF0939}"
EndProject
Project("{9A19103F-16F7-4668-BE54-9A1E7A4F7556}") = "SettingService", "Setting\SettingService\SettingService.csproj", "{1B3D9A2A-72D1-452D-8ABF-839D2276EC9B}"
EndProject
Project("{9A19103F-16F7-4668-BE54-9A1E7A4F7556}") = "SettingAPI", "Setting\SettingAPI\SettingAPI.csproj", "{3320B520-D8E5-41A4-BDF0-8747F0402BB4}"
EndProject
Project("{9A19103F-16F7-4668-BE54-9A1E7A4F7556}") = "SettingSDK", "Setting\SettingSDK\SettingSDK.csproj", "{400353FF-7F74-4361-A3B3-061CE70D4607}"
EndProject
Project("{2150E333-8FDC-42A3-9474-1A3956D46DE8}") = "Setting", "Setting", "{8F20AB12-7F9D-42F3-90A2-53120F2C8A8C}"
EndProject
Project("{2150E333-8FDC-42A3-9474-1A3956D46DE8}") = "Personnel", "Personnel", "{2FD5E852-10D6-4358-8F40-70958470F749}"
EndProject
Project("{FAE04EC0-301F-11D3-BF4B-00C04F79EFBC}") = "PersonnelContract", "PersonnelContract\PersonnelContract.csproj", "{D8975FC3-82A8-4FC5-89AF-934B0D696E39}"
EndProject
Project("{FAE04EC0-301F-11D3-BF4B-00C04F79EFBC}") = "PersonnelService", "PersonnelService\PersonnelService.csproj", "{6FAD8A35-C5E8-4112-8E51-45E87E413FEC}"
EndProject
Project("{FAE04EC0-301F-11D3-BF4B-00C04F79EFBC}") = "PersonnelAPI", "PersonnelAPI\PersonnelAPI.csproj", "{D946AEDC-8187-4C1E-B377-258D88E390CF}"
EndProject
Project("{FAE04EC0-301F-11D3-BF4B-00C04F79EFBC}") = "PersonnelSDK", "PersonnelSDK\PersonnelSDK.csproj", "{B827FCB9-9391-4E92-B243-0816186693BB}"
EndProject
Global
	GlobalSection(SolutionConfigurationPlatforms) = preSolution
		Debug|Any CPU = Debug|Any CPU
		Release|Any CPU = Release|Any CPU
	EndGlobalSection
	GlobalSection(ProjectConfigurationPlatforms) = postSolution
		{39B3E2E8-4038-4DB6-BCF5-BA9C81DF0939}.Debug|Any CPU.ActiveCfg = Debug|Any CPU
		{39B3E2E8-4038-4DB6-BCF5-BA9C81DF0939}.Debug|Any CPU.Build.0 = Debug|Any CPU
		{39B3E2E8-4038-4DB6-BCF5-BA9C81DF0939}.Release|Any CPU.ActiveCfg = Release|Any CPU
		{39B3E2E8-4038-4DB6-BCF5-BA9C81DF0939}.Release|Any CPU.Build.0 = Release|Any CPU
		{1B3D9A2A-72D1-452D-8ABF-839D2276EC9B}.Debug|Any CPU.ActiveCfg = Debug|Any CPU
		{1B3D9A2A-72D1-452D-8ABF-839D2276EC9B}.Debug|Any CPU.Build.0 = Debug|Any CPU
		{1B3D9A2A-72D1-452D-8ABF-839D2276EC9B}.Release|Any CPU.ActiveCfg = Release|Any CPU
		{1B3D9A2A-72D1-452D-8ABF-839D2276EC9B}.Release|Any CPU.Build.0 = Release|Any CPU
		{3320B520-D8E5-41A4-BDF0-8747F0402BB4}.Debug|Any CPU.ActiveCfg = Debug|Any CPU
		{3320B520-D8E5-41A4-BDF0-8747F0402BB4}.Debug|Any CPU.Build.0 = Debug|Any CPU
		{3320B520-D8E5-41A4-BDF0-8747F0402BB4}.Release|Any CPU.ActiveCfg = Release|Any CPU
		{3320B520-D8E5-41A4-BDF0-8747F0402BB4}.Release|Any CPU.Build.0 = Release|Any CPU
		{400353FF-7F74-4361-A3B3-061CE70D4607}.Debug|Any CPU.ActiveCfg = Debug|Any CPU
		{400353FF-7F74-4361-A3B3-061CE70D4607}.Debug|Any CPU.Build.0 = Debug|Any CPU
		{400353FF-7F74-4361-A3B3-061CE70D4607}.Release|Any CPU.ActiveCfg = Release|Any CPU
		{400353FF-7F74-4361-A3B3-061CE70D4607}.Release|Any CPU.Build.0 = Release|Any CPU
		{D8975FC3-82A8-4FC5-89AF-934B0D696E39}.Debug|Any CPU.ActiveCfg = Debug|Any CPU
		{D8975FC3-82A8-4FC5-89AF-934B0D696E39}.Debug|Any CPU.Build.0 = Debug|Any CPU
		{D8975FC3-82A8-4FC5-89AF-934B0D696E39}.Release|Any CPU.ActiveCfg = Release|Any CPU
		{D8975FC3-82A8-4FC5-89AF-934B0D696E39}.Release|Any CPU.Build.0 = Release|Any CPU
		{6FAD8A35-C5E8-4112-8E51-45E87E413FEC}.Debug|Any CPU.ActiveCfg = Debug|Any CPU
		{6FAD8A35-C5E8-4112-8E51-45E87E413FEC}.Debug|Any CPU.Build.0 = Debug|Any CPU
		{6FAD8A35-C5E8-4112-8E51-45E87E413FEC}.Release|Any CPU.ActiveCfg = Release|Any CPU
		{6FAD8A35-C5E8-4112-8E51-45E87E413FEC}.Release|Any CPU.Build.0 = Release|Any CPU
		{D946AEDC-8187-4C1E-B377-258D88E390CF}.Debug|Any CPU.ActiveCfg = Debug|Any CPU
		{D946AEDC-8187-4C1E-B377-258D88E390CF}.Debug|Any CPU.Build.0 = Debug|Any CPU
		{D946AEDC-8187-4C1E-B377-258D88E390CF}.Release|Any CPU.ActiveCfg = Release|Any CPU
		{D946AEDC-8187-4C1E-B377-258D88E390CF}.Release|Any CPU.Build.0 = Release|Any CPU
		{B827FCB9-9391-4E92-B243-0816186693BB}.Debug|Any CPU.ActiveCfg = Debug|Any CPU
		{B827FCB9-9391-4E92-B243-0816186693BB}.Debug|Any CPU.Build.0 = Debug|Any CPU
		{B827FCB9-9391-4E92-B243-0816186693BB}.Release|Any CPU.ActiveCfg = Release|Any CPU
		{B827FCB9-9391-4E92-B243-0816186693BB}.Release|Any CPU.Build.0 = Release|Any CPU
	EndGlobalSection
	GlobalSection(SolutionProperties) = preSolution
		HideSolutionNode = FALSE
	EndGlobalSection
	GlobalSection(NestedProjects) = preSolution
		{39B3E2E8-4038-4DB6-BCF5-BA9C81DF0939} = {8F20AB12-7F9D-42F3-90A2-53120F2C8A8C}
		{1B3D9A2A-72D1-452D-8ABF-839D2276EC9B} = {8F20AB12-7F9D-42F3-90A2-53120F2C8A8C}
		{3320B520-D8E5-41A4-BDF0-8747F0402BB4} = {8F20AB12-7F9D-42F3-90A2-53120F2C8A8C}
		{400353FF-7F74-4361-A3B3-061CE70D4607} = {8F20AB12-7F9D-42F3-90A2-53120F2C8A8C}
		{D8975FC3-82A8-4FC5-89AF-934B0D696E39} = {2FD5E852-10D6-4358-8F40-70958470F749}
		{6FAD8A35-C5E8-4112-8E51-45E87E413FEC} = {2FD5E852-10D6-4358-8F40-70958470F749}
		{D946AEDC-8187-4C1E-B377-258D88E390CF} = {2FD5E852-10D6-4358-8F40-70958470F749}
		{B827FCB9-9391-4E92-B243-0816186693BB} = {2FD5E852-10D6-4358-8F40-70958470F749}
	EndGlobalSection
EndGlobal
