
Microsoft Visual Studio Solution File, Format Version 12.00
# Visual Studio 15
VisualStudioVersion = 15.0.26430.15
MinimumVisualStudioVersion = 10.0.40219.1
Project("{9A19103F-16F7-4668-BE54-9A1E7A4F7556}") = "SettingContract", "Setting\SettingServiceContract\SettingContract.csproj", "{39B3E2E8-4038-4DB6-BCF5-BA9C81DF0939}"
EndProject
Project("{9A19103F-16F7-4668-BE54-9A1E7A4F7556}") = "SettingService", "Setting\SettingService\SettingService.csproj", "{1B3D9A2A-72D1-452D-8ABF-839D2276EC9B}"
EndProject
Project("{9A19103F-16F7-4668-BE54-9A1E7A4F7556}") = "SettingAPI", "Setting\SettingAPI\SettingAPI.csproj", "{3320B520-D8E5-41A4-BDF0-8747F0402BB4}"
EndProject
Project("{9A19103F-16F7-4668-BE54-9A1E7A4F7556}") = "SettingSDK", "Setting\SettingSDK\SettingSDK.csproj", "{400353FF-7F74-4361-A3B3-061CE70D4607}"
EndProject
Project("{2150E333-8FDC-42A3-9474-1A3956D46DE8}") = "Setting", "Setting", "{8F20AB12-7F9D-42F3-90A2-53120F2C8A8C}"
EndProject
Project("{2150E333-8FDC-42A3-9474-1A3956D46DE8}") = "Personnel", "Personnel", "{2FD5E852-10D6-4358-8F40-70958470F749}"
EndProject
Project("{9A19103F-16F7-4668-BE54-9A1E7A4F7556}") = "PersonnelAPI", "Personnel\PersonnelAPI\PersonnelAPI.csproj", "{53B697A2-F908-49F0-99D9-B78EBF873A13}"
EndProject
Project("{9A19103F-16F7-4668-BE54-9A1E7A4F7556}") = "PersonnelContract", "Personnel\PersonnelContract\PersonnelContract.csproj", "{1B0F5B75-C7A8-409E-8B1C-50E082AC8815}"
EndProject
Project("{9A19103F-16F7-4668-BE54-9A1E7A4F7556}") = "PersonnelSDK", "Personnel\PersonnelSDK\PersonnelSDK.csproj", "{143A681B-A33E-4D09-8845-36AC2519E9D5}"
EndProject
Project("{9A19103F-16F7-4668-BE54-9A1E7A4F7556}") = "PersonnelService", "Personnel\PersonnelService\PersonnelService.csproj", "{91579679-4376-440B-9171-D6358CE2D18C}"
EndProject
Project("{2150E333-8FDC-42A3-9474-1A3956D46DE8}") = "Common", "Common", "{B8A343EA-BD9E-4A90-A6E2-EC1FF53610A4}"
EndProject
Project("{9A19103F-16F7-4668-BE54-9A1E7A4F7556}") = "CommonServices", "Common\CommonServices\CommonServices.csproj", "{1998337C-049E-402C-8439-A4FE753E55C6}"
EndProject
Project("{9A19103F-16F7-4668-BE54-9A1E7A4F7556}") = "CommonContract", "Common\CommonContract\CommonContract.csproj", "{790C4E0D-B9E2-425B-A2FC-8DA13B9DD0C1}"
EndProject
Project("{FAE04EC0-301F-11D3-BF4B-00C04F79EFBC}") = "Application", "Application\Application.csproj", "{554AC8B5-1A1B-4C90-97EE-590320B4BE47}"
EndProject
Global
	GlobalSection(SolutionConfigurationPlatforms) = preSolution
		Debug|Any CPU = Debug|Any CPU
		Release|Any CPU = Release|Any CPU
	EndGlobalSection
	GlobalSection(ProjectConfigurationPlatforms) = postSolution
		{39B3E2E8-4038-4DB6-BCF5-BA9C81DF0939}.Debug|Any CPU.ActiveCfg = Debug|Any CPU
		{39B3E2E8-4038-4DB6-BCF5-BA9C81DF0939}.Debug|Any CPU.Build.0 = Debug|Any CPU
		{39B3E2E8-4038-4DB6-BCF5-BA9C81DF0939}.Release|Any CPU.ActiveCfg = Release|Any CPU
		{39B3E2E8-4038-4DB6-BCF5-BA9C81DF0939}.Release|Any CPU.Build.0 = Release|Any CPU
		{1B3D9A2A-72D1-452D-8ABF-839D2276EC9B}.Debug|Any CPU.ActiveCfg = Debug|Any CPU
		{1B3D9A2A-72D1-452D-8ABF-839D2276EC9B}.Debug|Any CPU.Build.0 = Debug|Any CPU
		{1B3D9A2A-72D1-452D-8ABF-839D2276EC9B}.Release|Any CPU.ActiveCfg = Release|Any CPU
		{1B3D9A2A-72D1-452D-8ABF-839D2276EC9B}.Release|Any CPU.Build.0 = Release|Any CPU
		{3320B520-D8E5-41A4-BDF0-8747F0402BB4}.Debug|Any CPU.ActiveCfg = Debug|Any CPU
		{3320B520-D8E5-41A4-BDF0-8747F0402BB4}.Debug|Any CPU.Build.0 = Debug|Any CPU
		{3320B520-D8E5-41A4-BDF0-8747F0402BB4}.Release|Any CPU.ActiveCfg = Release|Any CPU
		{3320B520-D8E5-41A4-BDF0-8747F0402BB4}.Release|Any CPU.Build.0 = Release|Any CPU
		{400353FF-7F74-4361-A3B3-061CE70D4607}.Debug|Any CPU.ActiveCfg = Debug|Any CPU
		{400353FF-7F74-4361-A3B3-061CE70D4607}.Debug|Any CPU.Build.0 = Debug|Any CPU
		{400353FF-7F74-4361-A3B3-061CE70D4607}.Release|Any CPU.ActiveCfg = Release|Any CPU
		{400353FF-7F74-4361-A3B3-061CE70D4607}.Release|Any CPU.Build.0 = Release|Any CPU
		{53B697A2-F908-49F0-99D9-B78EBF873A13}.Debug|Any CPU.ActiveCfg = Debug|Any CPU
		{53B697A2-F908-49F0-99D9-B78EBF873A13}.Debug|Any CPU.Build.0 = Debug|Any CPU
		{53B697A2-F908-49F0-99D9-B78EBF873A13}.Release|Any CPU.ActiveCfg = Release|Any CPU
		{53B697A2-F908-49F0-99D9-B78EBF873A13}.Release|Any CPU.Build.0 = Release|Any CPU
		{1B0F5B75-C7A8-409E-8B1C-50E082AC8815}.Debug|Any CPU.ActiveCfg = Debug|Any CPU
		{1B0F5B75-C7A8-409E-8B1C-50E082AC8815}.Debug|Any CPU.Build.0 = Debug|Any CPU
		{1B0F5B75-C7A8-409E-8B1C-50E082AC8815}.Release|Any CPU.ActiveCfg = Release|Any CPU
		{1B0F5B75-C7A8-409E-8B1C-50E082AC8815}.Release|Any CPU.Build.0 = Release|Any CPU
		{143A681B-A33E-4D09-8845-36AC2519E9D5}.Debug|Any CPU.ActiveCfg = Debug|Any CPU
		{143A681B-A33E-4D09-8845-36AC2519E9D5}.Debug|Any CPU.Build.0 = Debug|Any CPU
		{143A681B-A33E-4D09-8845-36AC2519E9D5}.Release|Any CPU.ActiveCfg = Release|Any CPU
		{143A681B-A33E-4D09-8845-36AC2519E9D5}.Release|Any CPU.Build.0 = Release|Any CPU
		{91579679-4376-440B-9171-D6358CE2D18C}.Debug|Any CPU.ActiveCfg = Debug|Any CPU
		{91579679-4376-440B-9171-D6358CE2D18C}.Debug|Any CPU.Build.0 = Debug|Any CPU
		{91579679-4376-440B-9171-D6358CE2D18C}.Release|Any CPU.ActiveCfg = Release|Any CPU
		{91579679-4376-440B-9171-D6358CE2D18C}.Release|Any CPU.Build.0 = Release|Any CPU
		{1998337C-049E-402C-8439-A4FE753E55C6}.Debug|Any CPU.ActiveCfg = Debug|Any CPU
		{1998337C-049E-402C-8439-A4FE753E55C6}.Debug|Any CPU.Build.0 = Debug|Any CPU
		{1998337C-049E-402C-8439-A4FE753E55C6}.Release|Any CPU.ActiveCfg = Release|Any CPU
		{1998337C-049E-402C-8439-A4FE753E55C6}.Release|Any CPU.Build.0 = Release|Any CPU
		{790C4E0D-B9E2-425B-A2FC-8DA13B9DD0C1}.Debug|Any CPU.ActiveCfg = Debug|Any CPU
		{790C4E0D-B9E2-425B-A2FC-8DA13B9DD0C1}.Debug|Any CPU.Build.0 = Debug|Any CPU
		{790C4E0D-B9E2-425B-A2FC-8DA13B9DD0C1}.Release|Any CPU.ActiveCfg = Release|Any CPU
		{790C4E0D-B9E2-425B-A2FC-8DA13B9DD0C1}.Release|Any CPU.Build.0 = Release|Any CPU
		{554AC8B5-1A1B-4C90-97EE-590320B4BE47}.Debug|Any CPU.ActiveCfg = Debug|Any CPU
		{554AC8B5-1A1B-4C90-97EE-590320B4BE47}.Debug|Any CPU.Build.0 = Debug|Any CPU
		{554AC8B5-1A1B-4C90-97EE-590320B4BE47}.Release|Any CPU.ActiveCfg = Release|Any CPU
		{554AC8B5-1A1B-4C90-97EE-590320B4BE47}.Release|Any CPU.Build.0 = Release|Any CPU
	EndGlobalSection
	GlobalSection(SolutionProperties) = preSolution
		HideSolutionNode = FALSE
	EndGlobalSection
	GlobalSection(NestedProjects) = preSolution
		{39B3E2E8-4038-4DB6-BCF5-BA9C81DF0939} = {8F20AB12-7F9D-42F3-90A2-53120F2C8A8C}
		{1B3D9A2A-72D1-452D-8ABF-839D2276EC9B} = {8F20AB12-7F9D-42F3-90A2-53120F2C8A8C}
		{3320B520-D8E5-41A4-BDF0-8747F0402BB4} = {8F20AB12-7F9D-42F3-90A2-53120F2C8A8C}
		{400353FF-7F74-4361-A3B3-061CE70D4607} = {8F20AB12-7F9D-42F3-90A2-53120F2C8A8C}
		{53B697A2-F908-49F0-99D9-B78EBF873A13} = {2FD5E852-10D6-4358-8F40-70958470F749}
		{1B0F5B75-C7A8-409E-8B1C-50E082AC8815} = {2FD5E852-10D6-4358-8F40-70958470F749}
		{143A681B-A33E-4D09-8845-36AC2519E9D5} = {2FD5E852-10D6-4358-8F40-70958470F749}
		{91579679-4376-440B-9171-D6358CE2D18C} = {2FD5E852-10D6-4358-8F40-70958470F749}
		{1998337C-049E-402C-8439-A4FE753E55C6} = {B8A343EA-BD9E-4A90-A6E2-EC1FF53610A4}
		{790C4E0D-B9E2-425B-A2FC-8DA13B9DD0C1} = {B8A343EA-BD9E-4A90-A6E2-EC1FF53610A4}
	EndGlobalSection
	GlobalSection(ExtensibilityGlobals) = postSolution
		SolutionGuid = {5650BBCD-4E9E-469A-BA87-09D80D768F31}
	EndGlobalSection
EndGlobal
